<Solution>
  <Folder Name="/build/">
    <File Path=".editorconfig" />
    <File Path="Directory.Build.props" />
    <File Path="Directory.Packages.props" />
    <File Path="README.md" />
    <File Path="global.json" />
  </Folder>
  <Folder Name="/src/">
    <Project Path="src/Library.Domain/Library.Domain.csproj" />
  </Folder>
</Solution>
